{
    "_meta": {
        "hash": {
            "sha256": "af595aaac1688a190f438bfb0125ce57a9fca6e6de77bdfae5d657fc78f3c313"
        },
        "pipfile-spec": 6,
        "requires": {
            "python_version": "3.8"
        },
        "sources": [
            {
                "name": "pypi",
                "url": "https://pypi.doubanio.com/simple/",
                "verify_ssl": true
            }
        ]
    },
    "default": {
        "asyncqt": {
            "hashes": [
                "sha256:07aa993c7a4b1d4edbd35acced44d1be01da149ba3f7c9a7fa984be4ceca883f"
            ],
            "index": "pypi",
            "version": "==0.8.0"
        },
        "beautifulsoup4": {
            "hashes": [
                "sha256:594ca51a10d2b3443cbac41214e12dbb2a1cd57e1a7344659849e2e20ba6a8d8",
                "sha256:a4bbe77fd30670455c5296242967a123ec28c37e9702a8a81bd2f20a4baf0368",
                "sha256:d4e96ac9b0c3a6d3f0caae2e4124e6055c5dcafde8e2f831ff194c104f0775a0"
            ],
            "version": "==4.9.0"
        },
        "certifi": {
            "hashes": [
                "sha256:1d987a998c75633c40847cc966fcf5904906c920a7f17ef374f5aa4282abd304",
                "sha256:51fcb31174be6e6664c5f69e3e1691a2d72a1a12e90f872cbdb1567eb47b6519"
            ],
            "version": "==2020.4.5.1"
        },
        "chardet": {
            "hashes": [
                "sha256:84ab92ed1c4d4f16916e05906b6b75a6c0fb5db821cc65e70cbd64a3e2a5eaae",
                "sha256:fc323ffcaeaed0e0a02bf4d117757b98aed530d9ed4531e3e15460124c106691"
            ],
            "version": "==3.0.4"
        },
        "feeluown": {
            "extras": [
                "battery"
            ],
            "hashes": [
                "sha256:049ba95579ff932fd04004977c83e1c669b61412cc57fb86a6455b22bb5a5bd9"
            ],
            "index": "pypi",
            "version": "==3.4.1"
        },
        "feeluown-kuwo": {
            "editable": true,
            "path": "."
        },
        "fuo-local": {
            "hashes": [
                "sha256:a799a428e5c3cf8696e8dda124d7e7ac7dce1b1525b1100df40c748e4b13d445"
            ],
            "version": "==0.2.1"
        },
        "fuo-netease": {
            "hashes": [
                "sha256:e0b9e1132c64ee9d11a1d881d1418646c1bfd244bae6db42aed46427d1b568b2"
            ],
            "version": "==0.4.2"
        },
        "fuo-qqmusic": {
            "hashes": [
                "sha256:31a944dcd5e57806bd049adc387b63c8dcef41b8a4cfbf948239fa88b02d4e6a"
            ],
            "version": "==0.2"
        },
        "fuo-xiami": {
            "hashes": [
                "sha256:9467161e66dd8183424dfcd0752fbfb607e2efd92173805635e001181c1a6f14"
            ],
            "version": "==0.2.3"
        },
        "fuzzywuzzy": {
            "hashes": [
                "sha256:45016e92264780e58972dca1b3d939ac864b78437422beecebb3095f8efd00e8",
                "sha256:928244b28db720d1e0ee7587acf660ea49d7e4c632569cad4f1cd7e68a5f0993"
            ],
            "version": "==0.18.0"
        },
        "idna": {
            "hashes": [
                "sha256:7588d1c14ae4c77d74036e8c22ff447b26d0fde8f007354fd48a7814db15b7cb",
                "sha256:a068a21ceac8a4d63dbfd964670474107f541babbd2250d61922f029858365fa"
            ],
            "version": "==2.9"
        },
        "janus": {
            "hashes": [
                "sha256:0700f5537d076521851d19b7625545c5e76f6d5792ab17984f28230adcc3b34c",
                "sha256:f35c78f9cd13899438cce525e6ebabc7f8ad5f1b26b2f7d9ae153b4499acc84a"
            ],
            "version": "==0.5.0"
        },
        "marshmallow": {
            "hashes": [
                "sha256:c2673233aa21dde264b84349dc2fd1dce5f30ed724a0a00e75426734de5b84ab",
                "sha256:f88fe96434b1f0f476d54224d59333eba8ca1a203a2695683c1855675c4049a7"
            ],
            "index": "pypi",
            "version": "==3.6.0"
        },
        "mutagen": {
            "hashes": [
                "sha256:1cfc9f40cc0c89f051e3f3dbd5d9057a193c98433cf6c95e02d7f5a395615c01",
                "sha256:56065d8a9ca0bc64610a4d0f37e2bd4453381dde3226b8835ee656faa3287be4"
            ],
            "version": "==1.44.0"
        },
        "pycryptodome": {
            "hashes": [
                "sha256:07024fc364869eae8d6ac0d316e089956e6aeffe42dbdcf44fe1320d96becf7f",
                "sha256:09b6d6bcc01a4eb1a2b4deeff5aa602a108ec5aed8ac75ae554f97d1d7f0a5ad",
                "sha256:0e10f352ccbbcb5bb2dc4ecaf106564e65702a717d72ab260f9ac4c19753cfc2",
                "sha256:1f4752186298caf2e9ff5354f2e694d607ca7342aa313a62005235d46e28cf04",
                "sha256:2fbc472e0b567318fe2052281d5a8c0ae70099b446679815f655e9fbc18c3a65",
                "sha256:3ec3dc2f80f71fd0c955ce48b81bfaf8914c6f63a41a738f28885a1c4892968a",
                "sha256:426c188c83c10df71f053e04b4003b1437bae5cb37606440e498b00f160d71d0",
                "sha256:626c0a1d4d83ec6303f970a17158114f75c3ba1736f7f2983f7b40a265861bd8",
                "sha256:767ad0fb5d23efc36a4d5c2fc608ac603f3de028909bcf59abc943e0d0bc5a36",
                "sha256:7ac729d9091ed5478af2b4a4f44f5335a98febbc008af619e4569a59fe503e40",
                "sha256:83295a3fb5cf50c48631eb5b440cb5e9832d8c14d81d1d45f4497b67a9987de8",
                "sha256:8be56bde3312e022d9d1d6afa124556460ad5c844c2fc63642f6af723c098d35",
                "sha256:8f06556a8f7ea7b1e42eff39726bb0dca1c251205debae64e6eebea3cd7b438a",
                "sha256:9230fcb5d948c3fb40049bace4d33c5d254f8232c2c0bba05d2570aea3ba4520",
                "sha256:9378c309aec1f8cd8bad361ed0816a440151b97a2a3f6ffdaba1d1a1fb76873a",
                "sha256:9977086e0f93adb326379897437373871b80501e1d176fec63c7f46fb300c862",
                "sha256:9a94fca11fdc161460bd8659c15b6adef45c1b20da86402256eaf3addfaab324",
                "sha256:9c739b7795ccf2ef1fdad8d44e539a39ad300ee6786e804ea7f0c6a786eb5343",
                "sha256:b1e332587b3b195542e77681389c296e1837ca01240399d88803a075447d3557",
                "sha256:c109a26a21f21f695d369ff9b87f5d43e0d6c768d8384e10bc74142bed2e092e",
                "sha256:c818dc1f3eace93ee50c2b6b5c2becf7c418fa5dd1ba6fc0ef7db279ea21d5e4",
                "sha256:cff31f5a8977534f255f729d5d2467526f2b10563a30bbdade92223e0bf264bd",
                "sha256:d4f94368ce2d65873a87ad867eb3bf63f4ba81eb97a9ee66d38c2b71ce5a7439",
                "sha256:d61b012baa8c2b659e9890011358455c0019a4108536b811602d2f638c40802a",
                "sha256:d6e1bc5c94873bec742afe2dfadce0d20445b18e75c47afc0c115b19e5dd38dd",
                "sha256:ea83bcd9d6c03248ebd46e71ac313858e0afd5aa2fa81478c0e653242f3eb476",
                "sha256:ed5761b37615a1f222c5345bbf45272ae2cf8c7dff88a4f53a1e9f977cbb6d95",
                "sha256:f011cd0062e54658b7086a76f8cf0f4222812acc66e219e196ea2d0a8849d0ed",
                "sha256:f1add21b6d179179b3c177c33d18a2186a09cc0d3af41ff5ed3f377360b869f2",
                "sha256:f655addaaaa9974108d4808f4150652589cada96074c87115c52e575bfcd87d5"
            ],
            "version": "==3.9.7"
        },
        "pyopengl": {
            "hashes": [
                "sha256:11ad32c7bde7ea0ffb7a94dd552c639ca72376982a8dd6fe0c092d2002a4ca6e",
                "sha256:36b4ac28220e4bfa29e5557525ad2967ca74558a94bccea48864fc742b18db11",
                "sha256:4107ba0d0390da5766a08c242cf0cf3404c377ed293c5f6d701e457c57ba3424"
            ],
            "version": "==3.1.5"
        },
        "pyqt5": {
            "hashes": [
                "sha256:3b91dd1d0cbfaea85ad057247ba621187e511434b0c9d6d40de69fd5e833b109",
                "sha256:a9bdc46ab1f6397770e6b8dca84ac07a0250d26b1a31587f25619cf31a075532",
                "sha256:bd230c6fd699eabf1ceb51e13a8b79b74c00a80272c622427b80141a22269eb0",
                "sha256:ee168a486c9a758511568147815e2959652cd0aabea832fa5e87cf6b241d2180",
                "sha256:f61ddc78547d6ca763323ccd4a9e374c71b29feda1f5ce2d3e91e4f8d2cf1942"
            ],
            "index": "pypi",
            "version": "==5.14.2"
        },
        "pyqt5-sip": {
            "hashes": [
                "sha256:01919371d32b26208b2f0318f1e15680d3aa60d1ced1812a5dac8bdb483fea69",
                "sha256:11f8cc2de287c3457fee53e781f06fb71f04251e7ae408ed22696ed65fd2bcf4",
                "sha256:168a6d700daf366b7cf255a8cabf8d07bfe2294859e6b3b2636c36c2f89265c9",
                "sha256:16a19b9f36985b8bff30b89fb8859d831713dd528fba5600563e36ff077960a2",
                "sha256:16a9a4daf85bfaa3aec35237ff28d8773a3ec937d9f8dc7fc3db7716de42d4a9",
                "sha256:31c74602ccd6b70e4352550eb41aa980dc1d6009444f3c8eb1b844e84bd144cf",
                "sha256:360de29634e2ce1df84d2b588bd8c1a29b768f3a5225869d63adb03bc21bd32a",
                "sha256:3cb9076ba0e574b2f026759103eb0e12051128714f5aa136cca53229d3ad72d1",
                "sha256:4f87d59d29ca1c5a4005bbec27af002be787210dc5f8f87fe5d747883a836083",
                "sha256:65fceeea2ac738a92f7e3e459ece1b4e2fbf49fd1d6b732a73d0d4bcfc434452",
                "sha256:85e68b8936f1756060ddcb3ef0a84af78ce89993fa6594b3049a0eca53d6d2fa",
                "sha256:9dd5769e83e64d017d02981563c8159d825425b6c4998c937a880888f4dcb7a3",
                "sha256:a8a6c0512641fc042726b6253b2d5f3f3f800098334d198d8ebdf337d85ab3d7",
                "sha256:b068f4791e97427d82a27e7df28cc3ee33f7e4353f48ed6a123f8cdba44266b2",
                "sha256:b34c1f227a8f8e97059f20e5424f117f66a302b42e34d4039158494c6371b1ce",
                "sha256:b68cfe632a512c0551e8860f35c1fcab5cd1ad5e168b4814fddd88121f447b0a",
                "sha256:df4f5cdb86f47df5f6fc35be29cc45df7b5a2c171d07dbf377d558b226554ea3"
            ],
            "version": "==12.7.2"
        },
        "qasync": {
            "hashes": [
                "sha256:057099d68cf1cd723405082f0f6e62064277121d647c1ba00ff18e49d92c2c2a",
                "sha256:3780c332fa12bb21e479aea871ca770ab892c211182f72e7b9e558060548e93e"
            ],
            "version": "==0.9.4"
        },
        "requests": {
            "hashes": [
                "sha256:43999036bfa82904b6af1d99e4882b560e5e2c68e5c4b0aa03b655f3d7d73fee",
                "sha256:b3f43d496c6daba4493e7c431722aeb7dbc6288f52a6e04e7b6023b0247817e6"
            ],
            "version": "==2.23.0"
        },
        "soupsieve": {
            "hashes": [
                "sha256:1634eea42ab371d3d346309b93df7870a88610f0725d47528be902a0d95ecc55",
                "sha256:a59dc181727e95d25f781f0eb4fd1825ff45590ec8ff49eadfd7f1a537cc0232"
            ],
            "version": "==2.0.1"
        },
        "urllib3": {
            "hashes": [
                "sha256:3018294ebefce6572a474f0604c2021e33b3fd8006ecd11d62107a5d2a963527",
                "sha256:88206b0eb87e6d677d424843ac5209e3fb9d0190d0ee169599165ec25e9d9115"
            ],
            "version": "==1.25.9"
        }
    },
    "develop": {
        "attrs": {
            "hashes": [
                "sha256:08a96c641c3a74e44eb59afb61a24f2cb9f4d7188748e76ba4bb5edfa3cb7d1c",
                "sha256:f7b7ce16570fe9965acd6d30101a28f62fb4a7f9e926b3bbc9b61f8b04247e72"
            ],
            "version": "==19.3.0"
        },
        "more-itertools": {
            "hashes": [
                "sha256:558bb897a2232f5e4f8e2399089e35aecb746e1f9191b6584a151647e89267be",
                "sha256:7818f596b1e87be009031c7653d01acc46ed422e6656b394b0f765ce66ed4982"
            ],
            "version": "==8.3.0"
        },
        "packaging": {
            "hashes": [
                "sha256:3c292b474fda1671ec57d46d739d072bfd495a4f51ad01a055121d81e952b7a3",
                "sha256:82f77b9bee21c1bafbf35a84905d604d5d1223801d639cf3ed140bd651c08752"
            ],
            "version": "==20.3"
        },
        "pluggy": {
            "hashes": [
                "sha256:15b2acde666561e1298d71b523007ed7364de07029219b604cf808bfa1c765b0",
                "sha256:966c145cd83c96502c3c3868f50408687b38434af77734af1e9ca461a4081d2d"
            ],
            "version": "==0.13.1"
        },
        "py": {
            "hashes": [
                "sha256:5e27081401262157467ad6e7f851b7aa402c5852dbcb3dae06768434de5752aa",
                "sha256:c20fdd83a5dbc0af9efd622bee9a5564e278f6380fffcacc43ba6f43db2813b0"
            ],
            "version": "==1.8.1"
        },
        "pyparsing": {
            "hashes": [
                "sha256:c203ec8783bf771a155b207279b9bccb8dea02d8f0c9e5f8ead507bc3246ecc1",
                "sha256:ef9d7589ef3c200abe66653d3f1ab1033c3c419ae9b9bdb1240a85b024efc88b"
            ],
            "version": "==2.4.7"
        },
        "pytest": {
            "hashes": [
                "sha256:95c710d0a72d91c13fae35dce195633c929c3792f54125919847fdcdf7caa0d3",
                "sha256:eb2b5e935f6a019317e455b6da83dd8650ac9ffd2ee73a7b657a30873d67a698"
            ],
            "index": "pypi",
            "version": "==5.4.2"
        },
        "six": {
            "hashes": [
                "sha256:236bdbdce46e6e6a3d61a337c0f8b763ca1e8717c03b369e87a7ec7ce1319c0a",
                "sha256:8f3cd2e254d8f793e7f3d6d9df77b92252b52637291d0f0da013c76ea2724b6c"
            ],
            "version": "==1.14.0"
        },
        "wcwidth": {
            "hashes": [
                "sha256:cafe2186b3c009a04067022ce1dcd79cb38d8d65ee4f4791b8888d6599d1bbe1",
                "sha256:ee73862862a156bf77ff92b09034fc4825dd3af9cf81bc5b360668d425f3c5f1"
            ],
            "version": "==0.1.9"
        }
    }
}
